// !$*UTF8*$!
{
	archiveVersion = 1;
	classes = {
	};
	objectVersion = 77;
	objects = {

/* Begin PBXContainerItemProxy section */
		7427FF482D83DAE4003C2CE0 /* PBXContainerItemProxy */ = {
			isa = PBXContainerItemProxy;
			containerPortal = 7427FF292D83DAE2003C2CE0 /* Project object */;
			proxyType = 1;
			remoteGlobalIDString = 7427FF302D83DAE2003C2CE0;
			remoteInfo = Viby;
		};
		7427FF522D83DAE4003C2CE0 /* PBXContainerItemProxy */ = {
			isa = PBXContainerItemProxy;
			containerPortal = 7427FF292D83DAE2003C2CE0 /* Project object */;
			proxyType = 1;
			remoteGlobalIDString = 7427FF302D83DAE2003C2CE0;
			remoteInfo = Viby;
		};
/* End PBXContainerItemProxy section */

/* Begin PBXFileReference section */
		7427FF312D83DAE2003C2CE0 /* Viby.app */ = {isa = PBXFileReference; explicitFileType = wrapper.application; includeInIndex = 0; path = Viby.app; sourceTree = BUILT_PRODUCTS_DIR; };
		7427FF472D83DAE4003C2CE0 /* VibyTests.xctest */ = {isa = PBXFileReference; explicitFileType = wrapper.cfbundle; includeInIndex = 0; path = VibyTests.xctest; sourceTree = BUILT_PRODUCTS_DIR; };
		7427FF512D83DAE4003C2CE0 /* VibyUITests.xctest */ = {isa = PBXFileReference; explicitFileType = wrapper.cfbundle; includeInIndex = 0; path = VibyUITests.xctest; sourceTree = BUILT_PRODUCTS_DIR; };
/* End PBXFileReference section */

/* Begin PBXFileSystemSynchronizedBuildFileExceptionSet section */
		7427FF592D83DAE4003C2CE0 /* Exceptions for "Viby" folder in "Viby" target */ = {
			isa = PBXFileSystemSynchronizedBuildFileExceptionSet;
			membershipExceptions = (
				Info.plist,
			);
			target = 7427FF302D83DAE2003C2CE0 /* Viby */;
		};
/* End PBXFileSystemSynchronizedBuildFileExceptionSet section */

/* Begin PBXFileSystemSynchronizedRootGroup section */
		7427FF332D83DAE2003C2CE0 /* Viby */ = {
			isa = PBXFileSystemSynchronizedRootGroup;
			exceptions = (
				7427FF592D83DAE4003C2CE0 /* Exceptions for "Viby" folder in "Viby" target */,
			);
			path = Viby;
			sourceTree = "<group>";
		};
		7427FF4A2D83DAE4003C2CE0 /* VibyTests */ = {
			isa = PBXFileSystemSynchronizedRootGroup;
			path = VibyTests;
			sourceTree = "<group>";
		};
		7427FF542D83DAE4003C2CE0 /* VibyUITests */ = {
			isa = PBXFileSystemSynchronizedRootGroup;
			path = VibyUITests;
			sourceTree = "<group>";
		};
/* End PBXFileSystemSynchronizedRootGroup section */

/* Begin PBXFrameworksBuildPhase section */
		7427FF2E2D83DAE2003C2CE0 /* Frameworks */ = {
			isa = PBXFrameworksBuildPhase;
			buildActionMask = 2147483647;
			files = (
			);
			runOnlyForDeploymentPostprocessing = 0;
		};
		7427FF442D83DAE4003C2CE0 /* Frameworks */ = {
			isa = PBXFrameworksBuildPhase;
			buildActionMask = 2147483647;
			files = (
			);
			runOnlyForDeploymentPostprocessing = 0;
		};
		7427FF4E2D83DAE4003C2CE0 /* Frameworks */ = {
			isa = PBXFrameworksBuildPhase;
			buildActionMask = 2147483647;
			files = (
			);
			runOnlyForDeploymentPostprocessing = 0;
		};
/* End PBXFrameworksBuildPhase section */

/* Begin PBXGroup section */
		7427FF282D83DAE2003C2CE0 = {
			isa = PBXGroup;
			children = (
				7427FF332D83DAE2003C2CE0 /* Viby */,
				7427FF4A2D83DAE4003C2CE0 /* VibyTests */,
				7427FF542D83DAE4003C2CE0 /* VibyUITests */,
				7427FF322D83DAE2003C2CE0 /* Products */,
			);
			sourceTree = "<group>";
		};
		7427FF322D83DAE2003C2CE0 /* Products */ = {
			isa = PBXGroup;
			children = (
				7427FF312D83DAE2003C2CE0 /* Viby.app */,
				7427FF472D83DAE4003C2CE0 /* VibyTests.xctest */,
				7427FF512D83DAE4003C2CE0 /* VibyUITests.xctest */,
			);
			name = Products;
			sourceTree = "<group>";
		};
/* End PBXGroup section */

/* Begin PBXNativeTarget section */
		7427FF302D83DAE2003C2CE0 /* Viby */ = {
			isa = PBXNativeTarget;
			buildConfigurationList = 7427FF5A2D83DAE4003C2CE0 /* Build configuration list for PBXNativeTarget "Viby" */;
			buildPhases = (
				7427FF2D2D83DAE2003C2CE0 /* Sources */,
				7427FF2E2D83DAE2003C2CE0 /* Frameworks */,
				7427FF2F2D83DAE2003C2CE0 /* Resources */,
			);
			buildRules = (
			);
			dependencies = (
			);
			fileSystemSynchronizedGroups = (
				7427FF332D83DAE2003C2CE0 /* Viby */,
			);
			name = Viby;
			packageProductDependencies = (
			);
			productName = Viby;
			productReference = 7427FF312D83DAE2003C2CE0 /* Viby.app */;
			productType = "com.apple.product-type.application";
		};
		7427FF462D83DAE4003C2CE0 /* VibyTests */ = {
			isa = PBXNativeTarget;
			buildConfigurationList = 7427FF5F2D83DAE4003C2CE0 /* Build configuration list for PBXNativeTarget "VibyTests" */;
			buildPhases = (
				7427FF432D83DAE4003C2CE0 /* Sources */,
				7427FF442D83DAE4003C2CE0 /* Frameworks */,
				7427FF452D83DAE4003C2CE0 /* Resources */,
			);
			buildRules = (
			);
			dependencies = (
				7427FF492D83DAE4003C2CE0 /* PBXTargetDependency */,
			);
			fileSystemSynchronizedGroups = (
				7427FF4A2D83DAE4003C2CE0 /* VibyTests */,
			);
			name = VibyTests;
			packageProductDependencies = (
			);
			productName = VibyTests;
			productReference = 7427FF472D83DAE4003C2CE0 /* VibyTests.xctest */;
			productType = "com.apple.product-type.bundle.unit-test";
		};
		7427FF502D83DAE4003C2CE0 /* VibyUITests */ = {
			isa = PBXNativeTarget;
			buildConfigurationList = 7427FF622D83DAE4003C2CE0 /* Build configuration list for PBXNativeTarget "VibyUITests" */;
			buildPhases = (
				7427FF4D2D83DAE4003C2CE0 /* Sources */,
				7427FF4E2D83DAE4003C2CE0 /* Frameworks */,
				7427FF4F2D83DAE4003C2CE0 /* Resources */,
			);
			buildRules = (
			);
			dependencies = (
				7427FF532D83DAE4003C2CE0 /* PBXTargetDependency */,
			);
			fileSystemSynchronizedGroups = (
				7427FF542D83DAE4003C2CE0 /* VibyUITests */,
			);
			name = VibyUITests;
			packageProductDependencies = (
			);
			productName = VibyUITests;
			productReference = 7427FF512D83DAE4003C2CE0 /* VibyUITests.xctest */;
			productType = "com.apple.product-type.bundle.ui-testing";
		};
/* End PBXNativeTarget section */

/* Begin PBXProject section */
		7427FF292D83DAE2003C2CE0 /* Project object */ = {
			isa = PBXProject;
			attributes = {
				BuildIndependentTargetsInParallel = 1;
				LastSwiftUpdateCheck = 1620;
				LastUpgradeCheck = 1620;
				TargetAttributes = {
					7427FF302D83DAE2003C2CE0 = {
						CreatedOnToolsVersion = 16.2;
					};
					7427FF462D83DAE4003C2CE0 = {
						CreatedOnToolsVersion = 16.2;
						TestTargetID = 7427FF302D83DAE2003C2CE0;
					};
					7427FF502D83DAE4003C2CE0 = {
						CreatedOnToolsVersion = 16.2;
						TestTargetID = 7427FF302D83DAE2003C2CE0;
					};
				};
			};
			buildConfigurationList = 7427FF2C2D83DAE2003C2CE0 /* Build configuration list for PBXProject "Viby" */;
			developmentRegion = en;
			hasScannedForEncodings = 0;
			knownRegions = (
				en,
				Base,
			);
			mainGroup = 7427FF282D83DAE2003C2CE0;
			minimizedProjectReferenceProxies = 1;
			preferredProjectObjectVersion = 77;
			productRefGroup = 7427FF322D83DAE2003C2CE0 /* Products */;
			projectDirPath = "";
			projectRoot = "";
			targets = (
				7427FF302D83DAE2003C2CE0 /* Viby */,
				7427FF462D83DAE4003C2CE0 /* VibyTests */,
				7427FF502D83DAE4003C2CE0 /* VibyUITests */,
			);
		};
/* End PBXProject section */

/* Begin PBXResourcesBuildPhase section */
		7427FF2F2D83DAE2003C2CE0 /* Resources */ = {
			isa = PBXResourcesBuildPhase;
			buildActionMask = 2147483647;
			files = (
			);
			runOnlyForDeploymentPostprocessing = 0;
		};
		7427FF452D83DAE4003C2CE0 /* Resources */ = {
			isa = PBXResourcesBuildPhase;
			buildActionMask = 2147483647;
			files = (
			);
			runOnlyForDeploymentPostprocessing = 0;
		};
		7427FF4F2D83DAE4003C2CE0 /* Resources */ = {
			isa = PBXResourcesBuildPhase;
			buildActionMask = 2147483647;
			files = (
			);
			runOnlyForDeploymentPostprocessing = 0;
		};
/* End PBXResourcesBuildPhase section */

/* Begin PBXSourcesBuildPhase section */
		7427FF2D2D83DAE2003C2CE0 /* Sources */ = {
			isa = PBXSourcesBuildPhase;
			buildActionMask = 2147483647;
			files = (
			);
			runOnlyForDeploymentPostprocessing = 0;
		};
		7427FF432D83DAE4003C2CE0 /* Sources */ = {
			isa = PBXSourcesBuildPhase;
			buildActionMask = 2147483647;
			files = (
			);
			runOnlyForDeploymentPostprocessing = 0;
		};
		7427FF4D2D83DAE4003C2CE0 /* Sources */ = {
			isa = PBXSourcesBuildPhase;
			buildActionMask = 2147483647;
			files = (
			);
			runOnlyForDeploymentPostprocessing = 0;
		};
/* End PBXSourcesBuildPhase section */

/* Begin PBXTargetDependency section */
		7427FF492D83DAE4003C2CE0 /* PBXTargetDependency */ = {
			isa = PBXTargetDependency;
			target = 7427FF302D83DAE2003C2CE0 /* Viby */;
			targetProxy = 7427FF482D83DAE4003C2CE0 /* PBXContainerItemProxy */;
		};
		7427FF532D83DAE4003C2CE0 /* PBXTargetDependency */ = {
			isa = PBXTargetDependency;
			target = 7427FF302D83DAE2003C2CE0 /* Viby */;
			targetProxy = 7427FF522D83DAE4003C2CE0 /* PBXContainerItemProxy */;
		};
/* End PBXTargetDependency section */

/* Begin XCBuildConfiguration section */
		7427FF5B2D83DAE4003C2CE0 /* Debug */ = {
			isa = XCBuildConfiguration;
			buildSettings = {
				ASSETCATALOG_COMPILER_APPICON_NAME = AppIcon;
				ASSETCATALOG_COMPILER_GLOBAL_ACCENT_COLOR_NAME = AccentColor;
				CODE_SIGN_STYLE = Automatic;
				CURRENT_PROJECT_VERSION = 1;
				DEVELOPMENT_TEAM = V93F368RQJ;
				GENERATE_INFOPLIST_FILE = YES;
				INFOPLIST_FILE = Viby/Info.plist;
				INFOPLIST_KEY_UIApplicationSupportsIndirectInputEvents = YES;
				INFOPLIST_KEY_UILaunchStoryboardName = LaunchScreen;
				INFOPLIST_KEY_UIMainStoryboardFile = Main;
				INFOPLIST_KEY_UISupportedInterfaceOrientations_iPad = "UIInterfaceOrientationPortrait UIInterfaceOrientationPortraitUpsideDown UIInterfaceOrientationLandscapeLeft UIInterfaceOrientationLandscapeRight";
				INFOPLIST_KEY_UISupportedInterfaceOrientations_iPhone = "UIInterfaceOrientationPortrait UIInterfaceOrientationLandscapeLeft UIInterfaceOrientationLandscapeRight";
				LD_RUNPATH_SEARCH_PATHS = (
					"$(inherited)",
					"@executable_path/Frameworks",
				);
				MARKETING_VERSION = 1.0;
				PRODUCT_BUNDLE_IDENTIFIER = com.yoloo.Viby;
				PRODUCT_NAME = "$(TARGET_NAME)";
				SWIFT_EMIT_LOC_STRINGS = YES;
				SWIFT_VERSION = 5.0;
				TARGETED_DEVICE_FAMILY = "1,2";
			};
			name = Debug;
		};
		7427FF5C2D83DAE4003C2CE0 /* Release */ = {
			isa = XCBuildConfiguration;
			buildSettings = {
				ASSETCATALOG_COMPILER_APPICON_NAME = AppIcon;
				ASSETCATALOG_COMPILER_GLOBAL_ACCENT_COLOR_NAME = AccentColor;
				CODE_SIGN_STYLE = Automatic;
				CURRENT_PROJECT_VERSION = 1;
				DEVELOPMENT_TEAM = V93F368RQJ;
				GENERATE_INFOPLIST_FILE = YES;
				INFOPLIST_FILE = Viby/Info.plist;
				INFOPLIST_KEY_UIApplicationSupportsIndirectInputEvents = YES;
				INFOPLIST_KEY_UILaunchStoryboardName = LaunchScreen;
				INFOPLIST_KEY_UIMainStoryboardFile = Main;
				INFOPLIST_KEY_UISupportedInterfaceOrientations_iPad = "UIInterfaceOrientationPortrait UIInterfaceOrientationPortraitUpsideDown UIInterfaceOrientationLandscapeLeft UIInterfaceOrientationLandscapeRight";
				INFOPLIST_KEY_UISupportedInterfaceOrientations_iPhone = "UIInterfaceOrientationPortrait UIInterfaceOrientationLandscapeLeft UIInterfaceOrientationLandscapeRight";
				LD_RUNPATH_SEARCH_PATHS = (
					"$(inherited)",
					"@executable_path/Frameworks",
				);
				MARKETING_VERSION = 1.0;
				PRODUCT_BUNDLE_IDENTIFIER = com.yoloo.Viby;
				PRODUCT_NAME = "$(TARGET_NAME)";
				SWIFT_EMIT_LOC_STRINGS = YES;
				SWIFT_VERSION = 5.0;
				TARGETED_DEVICE_FAMILY = "1,2";
			};
			name = Release;
		};
		7427FF5D2D83DAE4003C2CE0 /* Debug */ = {
			isa = XCBuildConfiguration;
			buildSettings = {
				ALWAYS_SEARCH_USER_PATHS = NO;
				ASSETCATALOG_COMPILER_GENERATE_SWIFT_ASSET_SYMBOL_EXTENSIONS = YES;
				CLANG_ANALYZER_NONNULL = YES;
				CLANG_ANALYZER_NUMBER_OBJECT_CONVERSION = YES_AGGRESSIVE;
				CLANG_CXX_LANGUAGE_STANDARD = "gnu++20";
				CLANG_ENABLE_MODULES = YES;
				CLANG_ENABLE_OBJC_ARC = YES;
				CLANG_ENABLE_OBJC_WEAK = YES;
				CLANG_WARN_BLOCK_CAPTURE_AUTORELEASING = YES;
				CLANG_WARN_BOOL_CONVERSION = YES;
				CLANG_WARN_COMMA = YES;
				CLANG_WARN_CONSTANT_CONVERSION = YES;
				CLANG_WARN_DEPRECATED_OBJC_IMPLEMENTATIONS = YES;
				CLANG_WARN_DIRECT_OBJC_ISA_USAGE = YES_ERROR;
				CLANG_WARN_DOCUMENTATION_COMMENTS = YES;
				CLANG_WARN_EMPTY_BODY = YES;
				CLANG_WARN_ENUM_CONVERSION = YES;
				CLANG_WARN_INFINITE_RECURSION = YES;
				CLANG_WARN_INT_CONVERSION = YES;
				CLANG_WARN_NON_LITERAL_NULL_CONVERSION = YES;
				CLANG_WARN_OBJC_IMPLICIT_RETAIN_SELF = YES;
				CLANG_WARN_OBJC_LITERAL_CONVERSION = YES;
				CLANG_WARN_OBJC_ROOT_CLASS = YES_ERROR;
				CLANG_WARN_QUOTED_INCLUDE_IN_FRAMEWORK_HEADER = YES;
				CLANG_WARN_RANGE_LOOP_ANALYSIS = YES;
				CLANG_WARN_STRICT_PROTOTYPES = YES;
				CLANG_WARN_SUSPICIOUS_MOVE = YES;
				CLANG_WARN_UNGUARDED_AVAILABILITY = YES_AGGRESSIVE;
				CLANG_WARN_UNREACHABLE_CODE = YES;
				CLANG_WARN__DUPLICATE_METHOD_MATCH = YES;
				COPY_PHASE_STRIP = NO;
				DEBUG_INFORMATION_FORMAT = dwarf;
				ENABLE_STRICT_OBJC_MSGSEND = YES;
				ENABLE_TESTABILITY = YES;
				ENABLE_USER_SCRIPT_SANDBOXING = YES;
				GCC_C_LANGUAGE_STANDARD = gnu17;
				GCC_DYNAMIC_NO_PIC = NO;
				GCC_NO_COMMON_BLOCKS = YES;
				GCC_OPTIMIZATION_LEVEL = 0;
				GCC_PREPROCESSOR_DEFINITIONS = (
					"DEBUG=1",
					"$(inherited)",
				);
				GCC_WARN_64_TO_32_BIT_CONVERSION = YES;
				GCC_WARN_ABOUT_RETURN_TYPE = YES_ERROR;
				GCC_WARN_UNDECLARED_SELECTOR = YES;
				GCC_WARN_UNINITIALIZED_AUTOS = YES_AGGRESSIVE;
				GCC_WARN_UNUSED_FUNCTION = YES;
				GCC_WARN_UNUSED_VARIABLE = YES;
				IPHONEOS_DEPLOYMENT_TARGET = 18.2;
				LOCALIZATION_PREFERS_STRING_CATALOGS = YES;
				MTL_ENABLE_DEBUG_INFO = INCLUDE_SOURCE;
				MTL_FAST_MATH = YES;
				ONLY_ACTIVE_ARCH = YES;
				SDKROOT = iphoneos;
				SWIFT_ACTIVE_COMPILATION_CONDITIONS = "DEBUG $(inherited)";
				SWIFT_OPTIMIZATION_LEVEL = "-Onone";
			};
			name = Debug;
		};
		7427FF5E2D83DAE4003C2CE0 /* Release */ = {
			isa = XCBuildConfiguration;
			buildSettings = {
				ALWAYS_SEARCH_USER_PATHS = NO;
				ASSETCATALOG_COMPILER_GENERATE_SWIFT_ASSET_SYMBOL_EXTENSIONS = YES;
				CLANG_ANALYZER_NONNULL = YES;
				CLANG_ANALYZER_NUMBER_OBJECT_CONVERSION = YES_AGGRESSIVE;
				CLANG_CXX_LANGUAGE_STANDARD = "gnu++20";
				CLANG_ENABLE_MODULES = YES;
				CLANG_ENABLE_OBJC_ARC = YES;
				CLANG_ENABLE_OBJC_WEAK = YES;
				CLANG_WARN_BLOCK_CAPTURE_AUTORELEASING = YES;
				CLANG_WARN_BOOL_CONVERSION = YES;
				CLANG_WARN_COMMA = YES;
				CLANG_WARN_CONSTANT_CONVERSION = YES;
				CLANG_WARN_DEPRECATED_OBJC_IMPLEMENTATIONS = YES;
				CLANG_WARN_DIRECT_OBJC_ISA_USAGE = YES_ERROR;
				CLANG_WARN_DOCUMENTATION_COMMENTS = YES;
				CLANG_WARN_EMPTY_BODY = YES;
				CLANG_WARN_ENUM_CONVERSION = YES;
				CLANG_WARN_INFINITE_RECURSION = YES;
				CLANG_WARN_INT_CONVERSION = YES;
				CLANG_WARN_NON_LITERAL_NULL_CONVERSION = YES;
				CLANG_WARN_OBJC_IMPLICIT_RETAIN_SELF = YES;
				CLANG_WARN_OBJC_LITERAL_CONVERSION = YES;
				CLANG_WARN_OBJC_ROOT_CLASS = YES_ERROR;
				CLANG_WARN_QUOTED_INCLUDE_IN_FRAMEWORK_HEADER = YES;
				CLANG_WARN_RANGE_LOOP_ANALYSIS = YES;
				CLANG_WARN_STRICT_PROTOTYPES = YES;
				CLANG_WARN_SUSPICIOUS_MOVE = YES;
				CLANG_WARN_UNGUARDED_AVAILABILITY = YES_AGGRESSIVE;
				CLANG_WARN_UNREACHABLE_CODE = YES;
				CLANG_WARN__DUPLICATE_METHOD_MATCH = YES;
				COPY_PHASE_STRIP = NO;
				DEBUG_INFORMATION_FORMAT = "dwarf-with-dsym";
				ENABLE_NS_ASSERTIONS = NO;
				ENABLE_STRICT_OBJC_MSGSEND = YES;
				ENABLE_USER_SCRIPT_SANDBOXING = YES;
				GCC_C_LANGUAGE_STANDARD = gnu17;
				GCC_NO_COMMON_BLOCKS = YES;
				GCC_WARN_64_TO_32_BIT_CONVERSION = YES;
				GCC_WARN_ABOUT_RETURN_TYPE = YES_ERROR;
				GCC_WARN_UNDECLARED_SELECTOR = YES;
				GCC_WARN_UNINITIALIZED_AUTOS = YES_AGGRESSIVE;
				GCC_WARN_UNUSED_FUNCTION = YES;
				GCC_WARN_UNUSED_VARIABLE = YES;
				IPHONEOS_DEPLOYMENT_TARGET = 18.2;
				LOCALIZATION_PREFERS_STRING_CATALOGS = YES;
				MTL_ENABLE_DEBUG_INFO = NO;
				MTL_FAST_MATH = YES;
				SDKROOT = iphoneos;
				SWIFT_COMPILATION_MODE = wholemodule;
				VALIDATE_PRODUCT = YES;
			};
			name = Release;
		};
		7427FF602D83DAE4003C2CE0 /* Debug */ = {
			isa = XCBuildConfiguration;
			buildSettings = {
				BUNDLE_LOADER = "$(TEST_HOST)";
				CODE_SIGN_STYLE = Automatic;
				CURRENT_PROJECT_VERSION = 1;
				DEVELOPMENT_TEAM = V93F368RQJ;
				GENERATE_INFOPLIST_FILE = YES;
				IPHONEOS_DEPLOYMENT_TARGET = 18.2;
				MARKETING_VERSION = 1.0;
				PRODUCT_BUNDLE_IDENTIFIER = com.yoloo.VibyTests;
				PRODUCT_NAME = "$(TARGET_NAME)";
				SWIFT_EMIT_LOC_STRINGS = NO;
				SWIFT_VERSION = 5.0;
				TARGETED_DEVICE_FAMILY = "1,2";
				TEST_HOST = "$(BUILT_PRODUCTS_DIR)/Viby.app/$(BUNDLE_EXECUTABLE_FOLDER_PATH)/Viby";
			};
			name = Debug;
		};
		7427FF612D83DAE4003C2CE0 /* Release */ = {
			isa = XCBuildConfiguration;
			buildSettings = {
				BUNDLE_LOADER = "$(TEST_HOST)";
				CODE_SIGN_STYLE = Automatic;
				CURRENT_PROJECT_VERSION = 1;
				DEVELOPMENT_TEAM = V93F368RQJ;
				GENERATE_INFOPLIST_FILE = YES;
				IPHONEOS_DEPLOYMENT_TARGET = 18.2;
				MARKETING_VERSION = 1.0;
				PRODUCT_BUNDLE_IDENTIFIER = com.yoloo.VibyTests;
				PRODUCT_NAME = "$(TARGET_NAME)";
				SWIFT_EMIT_LOC_STRINGS = NO;
				SWIFT_VERSION = 5.0;
				TARGETED_DEVICE_FAMILY = "1,2";
				TEST_HOST = "$(BUILT_PRODUCTS_DIR)/Viby.app/$(BUNDLE_EXECUTABLE_FOLDER_PATH)/Viby";
			};
			name = Release;
		};
		7427FF632D83DAE4003C2CE0 /* Debug */ = {
			isa = XCBuildConfiguration;
			buildSettings = {
				CODE_SIGN_STYLE = Automatic;
				CURRENT_PROJECT_VERSION = 1;
				DEVELOPMENT_TEAM = V93F368RQJ;
				GENERATE_INFOPLIST_FILE = YES;
				MARKETING_VERSION = 1.0;
				PRODUCT_BUNDLE_IDENTIFIER = com.yoloo.VibyUITests;
				PRODUCT_NAME = "$(TARGET_NAME)";
				SWIFT_EMIT_LOC_STRINGS = NO;
				SWIFT_VERSION = 5.0;
				TARGETED_DEVICE_FAMILY = "1,2";
				TEST_TARGET_NAME = Viby;
			};
			name = Debug;
		};
		7427FF642D83DAE4003C2CE0 /* Release */ = {
			isa = XCBuildConfiguration;
			buildSettings = {
				CODE_SIGN_STYLE = Automatic;
				CURRENT_PROJECT_VERSION = 1;
				DEVELOPMENT_TEAM = V93F368RQJ;
				GENERATE_INFOPLIST_FILE = YES;
				MARKETING_VERSION = 1.0;
				PRODUCT_BUNDLE_IDENTIFIER = com.yoloo.VibyUITests;
				PRODUCT_NAME = "$(TARGET_NAME)";
				SWIFT_EMIT_LOC_STRINGS = NO;
				SWIFT_VERSION = 5.0;
				TARGETED_DEVICE_FAMILY = "1,2";
				TEST_TARGET_NAME = Viby;
			};
			name = Release;
		};
/* End XCBuildConfiguration section */

/* Begin XCConfigurationList section */
		7427FF2C2D83DAE2003C2CE0 /* Build configuration list for PBXProject "Viby" */ = {
			isa = XCConfigurationList;
			buildConfigurations = (
				7427FF5D2D83DAE4003C2CE0 /* Debug */,
				7427FF5E2D83DAE4003C2CE0 /* Release */,
			);
			defaultConfigurationIsVisible = 0;
			defaultConfigurationName = Release;
		};
		7427FF5A2D83DAE4003C2CE0 /* Build configuration list for PBXNativeTarget "Viby" */ = {
			isa = XCConfigurationList;
			buildConfigurations = (
				7427FF5B2D83DAE4003C2CE0 /* Debug */,
				7427FF5C2D83DAE4003C2CE0 /* Release */,
			);
			defaultConfigurationIsVisible = 0;
			defaultConfigurationName = Release;
		};
		7427FF5F2D83DAE4003C2CE0 /* Build configuration list for PBXNativeTarget "VibyTests" */ = {
			isa = XCConfigurationList;
			buildConfigurations = (
				7427FF602D83DAE4003C2CE0 /* Debug */,
				7427FF612D83DAE4003C2CE0 /* Release */,
			);
			defaultConfigurationIsVisible = 0;
			defaultConfigurationName = Release;
		};
		7427FF622D83DAE4003C2CE0 /* Build configuration list for PBXNativeTarget "VibyUITests" */ = {
			isa = XCConfigurationList;
			buildConfigurations = (
				7427FF632D83DAE4003C2CE0 /* Debug */,
				7427FF642D83DAE4003C2CE0 /* Release */,
			);
			defaultConfigurationIsVisible = 0;
			defaultConfigurationName = Release;
		};
/* End XCConfigurationList section */
	};
	rootObject = 7427FF292D83DAE2003C2CE0 /* Project object */;
}
